
Microsoft Visual Studio Solution File, Format Version 12.00
# Visual Studio Version 17
VisualStudioVersion = 17.5.002.0
MinimumVisualStudioVersion = 10.0.40219.1
Project("{9A19103F-16F7-4668-BE54-9A1E7A4F7556}") = "IA-Inspired_Art", "IA-Inspired_Art.csproj", "{3E4C2ACC-E555-4DC1-AF60-921598E24CAE}"
EndProject
Global
	GlobalSection(SolutionConfigurationPlatforms) = preSolution
		Debug|Any CPU = Debug|Any CPU
		Release|Any CPU = Release|Any CPU
	EndGlobalSection
	GlobalSection(ProjectConfigurationPlatforms) = postSolution
		{3E4C2ACC-E555-4DC1-AF60-921598E24CAE}.Debug|Any CPU.ActiveCfg = Debug|Any CPU
		{3E4C2ACC-E555-4DC1-AF60-921598E24CAE}.Debug|Any CPU.Build.0 = Debug|Any CPU
		{3E4C2ACC-E555-4DC1-AF60-921598E24CAE}.Release|Any CPU.ActiveCfg = Release|Any CPU
		{3E4C2ACC-E555-4DC1-AF60-921598E24CAE}.Release|Any CPU.Build.0 = Release|Any CPU
	EndGlobalSection
	GlobalSection(SolutionProperties) = preSolution
		HideSolutionNode = FALSE
	EndGlobalSection
	GlobalSection(ExtensibilityGlobals) = postSolution
		SolutionGuid = {B3F3D4C2-A792-4A60-8D26-38CACDBE415F}
	EndGlobalSection
EndGlobal
